
Microsoft Visual Studio Solution File, Format Version 12.00
# Visual Studio Version 16
VisualStudioVersion = 16.0.30114.105
MinimumVisualStudioVersion = 10.0.40219.1
Project("{FAE04EC0-301F-11D3-BF4B-00C04F79EFBC}") = "AzureVMSet", "AzureVMSet.csproj", "{70F2D213-2CB1-40AB-987E-6D499A4BE272}"
EndProject
Global
	GlobalSection(SolutionConfigurationPlatforms) = preSolution
		Debug|Any CPU = Debug|Any CPU
		Release|Any CPU = Release|Any CPU
	EndGlobalSection
	GlobalSection(ProjectConfigurationPlatforms) = postSolution
		{70F2D213-2CB1-40AB-987E-6D499A4BE272}.Debug|Any CPU.ActiveCfg = Debug|Any CPU
		{70F2D213-2CB1-40AB-987E-6D499A4BE272}.Debug|Any CPU.Build.0 = Debug|Any CPU
		{70F2D213-2CB1-40AB-987E-6D499A4BE272}.Release|Any CPU.ActiveCfg = Release|Any CPU
		{70F2D213-2CB1-40AB-987E-6D499A4BE272}.Release|Any CPU.Build.0 = Release|Any CPU
	EndGlobalSection
	GlobalSection(SolutionProperties) = preSolution
		HideSolutionNode = FALSE
	EndGlobalSection
	GlobalSection(ExtensibilityGlobals) = postSolution
		SolutionGuid = {E70C4540-219B-43C7-994C-6FF8ACAECD37}
	EndGlobalSection
EndGlobal
